<?xml version="1.0" encoding="utf-8"?>
<Project ToolsVersion="4.0" xmlns="http://schemas.microsoft.com/developer/msbuild/2003">
  <ItemGroup>
    <Filter Include="Source Files">
      <UniqueIdentifier>{4FC737F1-C7A5-4376-A066-2A32D752A2FF}</UniqueIdentifier>
      <Extensions>cpp;c;cc;cxx;c++;cppm;ixx;def;odl;idl;hpj;bat;asm;asmx</Extensions>
    </Filter>
    <Filter Include="Header Files">
      <UniqueIdentifier>{93995380-89BD-4b04-88EB-625FBE52EBFB}</UniqueIdentifier>
      <Extensions>h;hh;hpp;hxx;h++;hm;inl;inc;ipp;xsd</Extensions>
    </Filter>
    <Filter Include="Resource Files">
      <UniqueIdentifier>{67DA6AB6-F800-4c08-8B7A-83BB121AAD01}</UniqueIdentifier>
      <Extensions>rc;ico;cur;bmp;dlg;rc2;rct;bin;rgs;gif;jpg;jpeg;jpe;resx;tiff;tif;png;wav;mfcribbon-ms</Extensions>
    </Filter>
    <Filter Include="Header Files\models">
      <UniqueIdentifier>{f4066001-302f-4988-8ee4-b4dbd9ba6375}</UniqueIdentifier>
    </Filter>
    <Filter Include="Header Files\io">
      <UniqueIdentifier>{5cc272df-3997-4270-895d-d92ffcff6591}</UniqueIdentifier>
    </Filter>
    <Filter Include="Header Files\services">
      <UniqueIdentifier>{262e41d5-8bd3-4667-9c0d-d882a2c6aed3}</UniqueIdentifier>
    </Filter>
    <Filter Include="Header Files\ui">
      <UniqueIdentifier>{a0030d0a-30da-4754-8aef-a1e79f03c28e}</UniqueIdentifier>
    </Filter>
    <Filter Include="Source Files\services">
      <UniqueIdentifier>{250a574c-e1de-45dd-b54c-22dc026e5451}</UniqueIdentifier>
    </Filter>
    <Filter Include="Source Files\io">
      <UniqueIdentifier>{a582b588-dd9c-475b-b54c-cedaf574412c}</UniqueIdentifier>
    </Filter>
    <Filter Include="Source Files\ui">
      <UniqueIdentifier>{ee502c22-57a8-4873-ab53-82e8800156df}</UniqueIdentifier>
    </Filter>
  </ItemGroup>
  <ItemGroup>
    <ClCompile Include="main.cpp">
      <Filter>Source Files</Filter>
    </ClCompile>
    <ClCompile Include="Transaction.h">
      <Filter>Header Files\models</Filter>
    </ClCompile>
    <ClCompile Include="dataCalc.h">
      <Filter>Header Files\services</Filter>
    </ClCompile>
    <ClCompile Include="dataEdit.h">
      <Filter>Header Files\services</Filter>
    </ClCompile>
    <ClCompile Include="dataSearch.h">
      <Filter>Header Files\services</Filter>
    </ClCompile>
    <ClCompile Include="fileIO.cpp">
      <Filter>Source Files\io</Filter>
    </ClCompile>
    <ClCompile Include="dataCalc.cpp">
      <Filter>Source Files\services</Filter>
    </ClCompile>
    <ClCompile Include="dataEdit.cpp">
      <Filter>Source Files\services</Filter>
    </ClCompile>
    <ClCompile Include="dataSearch.cpp">
      <Filter>Source Files\services</Filter>
    </ClCompile>
    <ClCompile Include="dataSort.cpp">
      <Filter>Source Files\services</Filter>
    </ClCompile>
    <ClCompile Include="menu.cpp">
      <Filter>Source Files\ui</Filter>
    </ClCompile>
    <ClCompile Include="dataView.cpp">
      <Filter>Source Files\ui</Filter>
    </ClCompile>
  </ItemGroup>
  <ItemGroup>
    <ClInclude Include="Employee.h">
      <Filter>Header Files\models</Filter>
    </ClInclude>
    <ClInclude Include="Client.h">
      <Filter>Header Files\models</Filter>
    </ClInclude>
    <ClInclude Include="Branch.h">
      <Filter>Header Files\models</Filter>
    </ClInclude>
    <ClInclude Include="Account.h">
      <Filter>Header Files\models</Filter>
    </ClInclude>
    <ClInclude Include="fileIO.h">
      <Filter>Header Files\io</Filter>
    </ClInclude>
    <ClInclude Include="dataSort.h">
      <Filter>Header Files\services</Filter>
    </ClInclude>
    <ClInclude Include="menu.h">
      <Filter>Header Files\ui</Filter>
    </ClInclude>
    <ClInclude Include="dataView.h">
      <Filter>Header Files\ui</Filter>
    </ClInclude>
  </ItemGroup>
</Project>